
Microsoft Visual Studio Solution File, Format Version 12.00
# Visual Studio Version 16
VisualStudioVersion = 16.0.29521.150
MinimumVisualStudioVersion = 10.0.40219.1
Project("{9A19103F-16F7-4668-BE54-9A1E7A4F7556}") = "Excepticon.AspNetCore", "src\Excepticon.AspNetCore\Excepticon.AspNetCore.csproj", "{AF9FA5D1-4523-4A4C-AEE5-9C22EB5A1376}"
EndProject
Project("{2150E333-8FDC-42A3-9474-1A3956D46DE8}") = "Examples", "Examples", "{85EC30B1-1D35-44FB-A73A-74880B6648DC}"
EndProject
Project("{9A19103F-16F7-4668-BE54-9A1E7A4F7556}") = "Excepticon", "src\Excepticon\Excepticon.csproj", "{5644E30F-9883-419A-96A8-33F526F3C982}"
EndProject
Project("{9A19103F-16F7-4668-BE54-9A1E7A4F7556}") = "Excepticon.Examples.AspNetCore", "examples\Excepticon.Examples.AspNetCore\Excepticon.Examples.AspNetCore.csproj", "{3F285EC8-46C8-4E33-9D62-90D5DDD51B42}"
EndProject
Project("{9A19103F-16F7-4668-BE54-9A1E7A4F7556}") = "Excepticon.Examples.Console", "examples\Excepticon.Examples.Console\Excepticon.Examples.Console.csproj", "{594C2F19-9CD6-47CE-8405-122A324BC00D}"
EndProject
Project("{9A19103F-16F7-4668-BE54-9A1E7A4F7556}") = "Excepticon.Examples.GenericHost", "examples\Excepticon.Examples.GenericHost\Excepticon.Examples.GenericHost.csproj", "{97DBE054-1D49-48AF-8903-53CF5E2EA4E9}"
EndProject
Project("{9A19103F-16F7-4668-BE54-9A1E7A4F7556}") = "Excepticon.Examples.AzureFunctions", "examples\Excepticon.Examples.AzureFunctions\Excepticon.Examples.AzureFunctions.csproj", "{308CB47F-C8F6-4FDB-AEB9-2FD05675D54F}"
EndProject
Project("{FAE04EC0-301F-11D3-BF4B-00C04F79EFBC}") = "Excepticon.Examples.Wpf", "examples\Excepticon.Examples.Wpf\Excepticon.Examples.Wpf.csproj", "{08F1E22F-3DD6-423A-BDD9-543FE53B739F}"
EndProject
Global
	GlobalSection(SolutionConfigurationPlatforms) = preSolution
		Debug|Any CPU = Debug|Any CPU
		Release|Any CPU = Release|Any CPU
	EndGlobalSection
	GlobalSection(ProjectConfigurationPlatforms) = postSolution
		{AF9FA5D1-4523-4A4C-AEE5-9C22EB5A1376}.Debug|Any CPU.ActiveCfg = Debug|Any CPU
		{AF9FA5D1-4523-4A4C-AEE5-9C22EB5A1376}.Debug|Any CPU.Build.0 = Debug|Any CPU
		{AF9FA5D1-4523-4A4C-AEE5-9C22EB5A1376}.Release|Any CPU.ActiveCfg = Release|Any CPU
		{AF9FA5D1-4523-4A4C-AEE5-9C22EB5A1376}.Release|Any CPU.Build.0 = Release|Any CPU
		{5644E30F-9883-419A-96A8-33F526F3C982}.Debug|Any CPU.ActiveCfg = Debug|Any CPU
		{5644E30F-9883-419A-96A8-33F526F3C982}.Debug|Any CPU.Build.0 = Debug|Any CPU
		{5644E30F-9883-419A-96A8-33F526F3C982}.Release|Any CPU.ActiveCfg = Release|Any CPU
		{5644E30F-9883-419A-96A8-33F526F3C982}.Release|Any CPU.Build.0 = Release|Any CPU
		{3F285EC8-46C8-4E33-9D62-90D5DDD51B42}.Debug|Any CPU.ActiveCfg = Debug|Any CPU
		{3F285EC8-46C8-4E33-9D62-90D5DDD51B42}.Debug|Any CPU.Build.0 = Debug|Any CPU
		{3F285EC8-46C8-4E33-9D62-90D5DDD51B42}.Release|Any CPU.ActiveCfg = Release|Any CPU
		{3F285EC8-46C8-4E33-9D62-90D5DDD51B42}.Release|Any CPU.Build.0 = Release|Any CPU
		{594C2F19-9CD6-47CE-8405-122A324BC00D}.Debug|Any CPU.ActiveCfg = Debug|Any CPU
		{594C2F19-9CD6-47CE-8405-122A324BC00D}.Debug|Any CPU.Build.0 = Debug|Any CPU
		{594C2F19-9CD6-47CE-8405-122A324BC00D}.Release|Any CPU.ActiveCfg = Release|Any CPU
		{594C2F19-9CD6-47CE-8405-122A324BC00D}.Release|Any CPU.Build.0 = Release|Any CPU
		{97DBE054-1D49-48AF-8903-53CF5E2EA4E9}.Debug|Any CPU.ActiveCfg = Debug|Any CPU
		{97DBE054-1D49-48AF-8903-53CF5E2EA4E9}.Debug|Any CPU.Build.0 = Debug|Any CPU
		{97DBE054-1D49-48AF-8903-53CF5E2EA4E9}.Release|Any CPU.ActiveCfg = Release|Any CPU
		{97DBE054-1D49-48AF-8903-53CF5E2EA4E9}.Release|Any CPU.Build.0 = Release|Any CPU
		{308CB47F-C8F6-4FDB-AEB9-2FD05675D54F}.Debug|Any CPU.ActiveCfg = Debug|Any CPU
		{308CB47F-C8F6-4FDB-AEB9-2FD05675D54F}.Debug|Any CPU.Build.0 = Debug|Any CPU
		{308CB47F-C8F6-4FDB-AEB9-2FD05675D54F}.Release|Any CPU.ActiveCfg = Release|Any CPU
		{308CB47F-C8F6-4FDB-AEB9-2FD05675D54F}.Release|Any CPU.Build.0 = Release|Any CPU
		{08F1E22F-3DD6-423A-BDD9-543FE53B739F}.Debug|Any CPU.ActiveCfg = Debug|Any CPU
		{08F1E22F-3DD6-423A-BDD9-543FE53B739F}.Debug|Any CPU.Build.0 = Debug|Any CPU
		{08F1E22F-3DD6-423A-BDD9-543FE53B739F}.Release|Any CPU.ActiveCfg = Release|Any CPU
		{08F1E22F-3DD6-423A-BDD9-543FE53B739F}.Release|Any CPU.Build.0 = Release|Any CPU
	EndGlobalSection
	GlobalSection(SolutionProperties) = preSolution
		HideSolutionNode = FALSE
	EndGlobalSection
	GlobalSection(NestedProjects) = preSolution
		{3F285EC8-46C8-4E33-9D62-90D5DDD51B42} = {85EC30B1-1D35-44FB-A73A-74880B6648DC}
		{594C2F19-9CD6-47CE-8405-122A324BC00D} = {85EC30B1-1D35-44FB-A73A-74880B6648DC}
		{97DBE054-1D49-48AF-8903-53CF5E2EA4E9} = {85EC30B1-1D35-44FB-A73A-74880B6648DC}
		{308CB47F-C8F6-4FDB-AEB9-2FD05675D54F} = {85EC30B1-1D35-44FB-A73A-74880B6648DC}
		{08F1E22F-3DD6-423A-BDD9-543FE53B739F} = {85EC30B1-1D35-44FB-A73A-74880B6648DC}
	EndGlobalSection
	GlobalSection(ExtensibilityGlobals) = postSolution
		SolutionGuid = {DDC6F45D-2096-4EF1-B02E-9C2166D71D29}
	EndGlobalSection
EndGlobal
