
Microsoft Visual Studio Solution File, Format Version 12.00
# Visual Studio Version 16
VisualStudioVersion = 16.0.29319.158
MinimumVisualStudioVersion = 10.0.40219.1
Project("{9A19103F-16F7-4668-BE54-9A1E7A4F7556}") = "Excepticon.AspNetCore", "Excepticon.AspNetCore\Excepticon.AspNetCore.csproj", "{B35F078A-6AD7-45B8-8986-4C5705D13E03}"
EndProject
Global
	GlobalSection(SolutionConfigurationPlatforms) = preSolution
		Debug|Any CPU = Debug|Any CPU
		Release|Any CPU = Release|Any CPU
	EndGlobalSection
	GlobalSection(ProjectConfigurationPlatforms) = postSolution
		{B35F078A-6AD7-45B8-8986-4C5705D13E03}.Debug|Any CPU.ActiveCfg = Debug|Any CPU
		{B35F078A-6AD7-45B8-8986-4C5705D13E03}.Debug|Any CPU.Build.0 = Debug|Any CPU
		{B35F078A-6AD7-45B8-8986-4C5705D13E03}.Release|Any CPU.ActiveCfg = Release|Any CPU
		{B35F078A-6AD7-45B8-8986-4C5705D13E03}.Release|Any CPU.Build.0 = Release|Any CPU
	EndGlobalSection
	GlobalSection(SolutionProperties) = preSolution
		HideSolutionNode = FALSE
	EndGlobalSection
	GlobalSection(ExtensibilityGlobals) = postSolution
		SolutionGuid = {DDC6F45D-2096-4EF1-B02E-9C2166D71D29}
	EndGlobalSection
EndGlobal
